
Microsoft Visual Studio Solution File, Format Version 12.00
# Visual Studio Version 17
VisualStudioVersion = 17.0.32112.339
MinimumVisualStudioVersion = 10.0.40219.1
Project("{FAE04EC0-301F-11D3-BF4B-00C04F79EFBC}") = "Aula1CalculadoraFuncao", "Aula1CalculadoraFuncao.csproj", "{63F87569-5A92-443A-91C0-A1FD5B1D3E65}"
EndProject
Global
	GlobalSection(SolutionConfigurationPlatforms) = preSolution
		Debug|Any CPU = Debug|Any CPU
		Release|Any CPU = Release|Any CPU
	EndGlobalSection
	GlobalSection(ProjectConfigurationPlatforms) = postSolution
		{63F87569-5A92-443A-91C0-A1FD5B1D3E65}.Debug|Any CPU.ActiveCfg = Debug|Any CPU
		{63F87569-5A92-443A-91C0-A1FD5B1D3E65}.Debug|Any CPU.Build.0 = Debug|Any CPU
		{63F87569-5A92-443A-91C0-A1FD5B1D3E65}.Release|Any CPU.ActiveCfg = Release|Any CPU
		{63F87569-5A92-443A-91C0-A1FD5B1D3E65}.Release|Any CPU.Build.0 = Release|Any CPU
	EndGlobalSection
	GlobalSection(SolutionProperties) = preSolution
		HideSolutionNode = FALSE
	EndGlobalSection
	GlobalSection(ExtensibilityGlobals) = postSolution
		SolutionGuid = {F5146BE2-108D-4A0D-BFE0-FD00025A174E}
	EndGlobalSection
EndGlobal
